
Microsoft Visual Studio Solution File, Format Version 12.00
# Visual Studio Version 17
VisualStudioVersion = 17.4.33205.214
MinimumVisualStudioVersion = 10.0.40219.1
Project("{9A19103F-16F7-4668-BE54-9A1E7A4F7556}") = "App.Library", "App.Library\App.Library.csproj", "{D0DFD19D-0C17-4603-96C8-4C222573EC25}"
EndProject
Project("{2150E333-8FDC-42A3-9474-1A3956D46DE8}") = "Solution Items", "Solution Items", "{1A16CA01-334D-405C-A3D8-9872E9959E4E}"
	ProjectSection(SolutionItems) = preProject
		.dockerignore = .dockerignore
		docker-compose.yml = docker-compose.yml
		Dockerfile_cart = Dockerfile_cart
		Dockerfile_games = Dockerfile_games
		Dockerfile_genres = Dockerfile_genres
		Dockerfile_mvc = Dockerfile_mvc
		Dockerfile_order = Dockerfile_order
	EndProjectSection
EndProject
Project("{9A19103F-16F7-4668-BE54-9A1E7A4F7556}") = "Services.API", "Services.API\Services.API.csproj", "{49348080-44E8-4D0D-B07C-0819F7D99A42}"
EndProject
Project("{9A19103F-16F7-4668-BE54-9A1E7A4F7556}") = "AspCoreMvc_App", "AspCoreMvc_App\AspCoreMvc_App.csproj", "{B3922C28-2DD3-4F71-8156-B4AA197DB91B}"
EndProject
Project("{FAE04EC0-301F-11D3-BF4B-00C04F79EFBC}") = "Services.Test", "Services.Test\Services.Test.csproj", "{999E032F-ED6A-4847-8C86-C56AF1087B13}"
EndProject
Global
	GlobalSection(SolutionConfigurationPlatforms) = preSolution
		Debug|Any CPU = Debug|Any CPU
		Release|Any CPU = Release|Any CPU
	EndGlobalSection
	GlobalSection(ProjectConfigurationPlatforms) = postSolution
		{D0DFD19D-0C17-4603-96C8-4C222573EC25}.Debug|Any CPU.ActiveCfg = Debug|Any CPU
		{D0DFD19D-0C17-4603-96C8-4C222573EC25}.Debug|Any CPU.Build.0 = Debug|Any CPU
		{D0DFD19D-0C17-4603-96C8-4C222573EC25}.Release|Any CPU.ActiveCfg = Release|Any CPU
		{D0DFD19D-0C17-4603-96C8-4C222573EC25}.Release|Any CPU.Build.0 = Release|Any CPU
		{49348080-44E8-4D0D-B07C-0819F7D99A42}.Debug|Any CPU.ActiveCfg = Debug|Any CPU
		{49348080-44E8-4D0D-B07C-0819F7D99A42}.Debug|Any CPU.Build.0 = Debug|Any CPU
		{49348080-44E8-4D0D-B07C-0819F7D99A42}.Release|Any CPU.ActiveCfg = Release|Any CPU
		{49348080-44E8-4D0D-B07C-0819F7D99A42}.Release|Any CPU.Build.0 = Release|Any CPU
		{B3922C28-2DD3-4F71-8156-B4AA197DB91B}.Debug|Any CPU.ActiveCfg = Debug|Any CPU
		{B3922C28-2DD3-4F71-8156-B4AA197DB91B}.Debug|Any CPU.Build.0 = Debug|Any CPU
		{B3922C28-2DD3-4F71-8156-B4AA197DB91B}.Release|Any CPU.ActiveCfg = Release|Any CPU
		{B3922C28-2DD3-4F71-8156-B4AA197DB91B}.Release|Any CPU.Build.0 = Release|Any CPU
		{999E032F-ED6A-4847-8C86-C56AF1087B13}.Debug|Any CPU.ActiveCfg = Debug|Any CPU
		{999E032F-ED6A-4847-8C86-C56AF1087B13}.Debug|Any CPU.Build.0 = Debug|Any CPU
		{999E032F-ED6A-4847-8C86-C56AF1087B13}.Release|Any CPU.ActiveCfg = Release|Any CPU
		{999E032F-ED6A-4847-8C86-C56AF1087B13}.Release|Any CPU.Build.0 = Release|Any CPU
	EndGlobalSection
	GlobalSection(SolutionProperties) = preSolution
		HideSolutionNode = FALSE
	EndGlobalSection
	GlobalSection(ExtensibilityGlobals) = postSolution
		SolutionGuid = {070FE232-155A-4FA8-B629-1BF5A732A272}
	EndGlobalSection
EndGlobal
